
Microsoft Visual Studio Solution File, Format Version 12.00
# Visual Studio Version 16
VisualStudioVersion = 16.0.29613.14
MinimumVisualStudioVersion = 10.0.40219.1
Project("{FAE04EC0-301F-11D3-BF4B-00C04F79EFBC}") = "Bin2Base64", "Bin2Base64\Bin2Base64.csproj", "{D385E915-09FE-4050-A171-D2D5D7C5D146}"
EndProject
Global
	GlobalSection(SolutionConfigurationPlatforms) = preSolution
		Debug|Any CPU = Debug|Any CPU
		Release|Any CPU = Release|Any CPU
	EndGlobalSection
	GlobalSection(ProjectConfigurationPlatforms) = postSolution
		{D385E915-09FE-4050-A171-D2D5D7C5D146}.Debug|Any CPU.ActiveCfg = Debug|Any CPU
		{D385E915-09FE-4050-A171-D2D5D7C5D146}.Debug|Any CPU.Build.0 = Debug|Any CPU
		{D385E915-09FE-4050-A171-D2D5D7C5D146}.Release|Any CPU.ActiveCfg = Release|Any CPU
		{D385E915-09FE-4050-A171-D2D5D7C5D146}.Release|Any CPU.Build.0 = Release|Any CPU
	EndGlobalSection
	GlobalSection(SolutionProperties) = preSolution
		HideSolutionNode = FALSE
	EndGlobalSection
	GlobalSection(ExtensibilityGlobals) = postSolution
		SolutionGuid = {EF188596-3B44-4D8F-9380-57D256A03007}
	EndGlobalSection
EndGlobal
